PODS:
  - Flutter (1.0.0)
  - permission_handler_apple (9.1.1):
    - Flutter
  - twilio_programmable_video (1.1.1):
    - Flutter
    - TwilioVideo (~> 4.6)
  - TwilioVideo (4.6.3)

DEPENDENCIES:
  - Flutter (from `Flutter`)
  - permission_handler_apple (from `.symlinks/plugins/permission_handler_apple/ios`)
  - twilio_programmable_video (from `.symlinks/plugins/twilio_programmable_video/ios`)

SPEC REPOS:
  trunk:
    - TwilioVideo

EXTERNAL SOURCES:
  Flutter:
    :path: Flutter
  permission_handler_apple:
    :path: ".symlinks/plugins/permission_handler_apple/ios"
  twilio_programmable_video:
    :path: ".symlinks/plugins/twilio_programmable_video/ios"

SPEC CHECKSUMS:
  Flutter: e0871f40cf51350855a761d2e70bf5af5b9b5de7
  permission_handler_apple: e76247795d700c14ea09e3a2d8855d41ee80a2e6
  twilio_programmable_video: ffb2a62b2734ce083f502f0ed54130aeeec615b3
  TwilioVideo: 4afaac028c5886f2f3b313a9fcc146a6b7ca34e2

PODFILE CHECKSUM: 337a05116ab801da649c9805c495b4ada6d27d2a

COCOAPODS: 1.15.2
